<?xml version="1.0" encoding="utf-8"?>
<Project ToolsVersion="4.0" xmlns="http://schemas.microsoft.com/developer/msbuild/2003">
  <ItemGroup>
    <CudaCompile Include="cudaMpir.cu">
      <Filter>Source Files</Filter>
    </CudaCompile>
    <CudaCompile Include="rsa4_main.cu">
      <Filter>Source Files</Filter>
    </CudaCompile>
    <CudaCompile Include="cudaExample.cu">
      <Filter>Source Files</Filter>
    </CudaCompile>
    <CudaCompile Include="tmp1.cu">
      <Filter>Source Files</Filter>
    </CudaCompile>
  </ItemGroup>
  <ItemGroup>
    <Filter Include="Header Files">
      <UniqueIdentifier>{621eeb45-25e5-4963-8ba2-ddd53bf3f31e}</UniqueIdentifier>
    </Filter>
    <Filter Include="Source Files">
      <UniqueIdentifier>{80495366-fa09-4057-851c-7857fd67942b}</UniqueIdentifier>
    </Filter>
  </ItemGroup>
  <ItemGroup>
    <ClInclude Include="cudaMpir.h">
      <Filter>Header Files</Filter>
    </ClInclude>
    <ClInclude Include="customFunctions.h">
      <Filter>Header Files</Filter>
    </ClInclude>
    <ClInclude Include="rsa1.h">
      <Filter>Header Files</Filter>
    </ClInclude>
    <ClInclude Include="stdafx.h">
      <Filter>Header Files</Filter>
    </ClInclude>
    <ClInclude Include="targetver.h">
      <Filter>Header Files</Filter>
    </ClInclude>
    <ClInclude Include="timeutil.h">
      <Filter>Header Files</Filter>
    </ClInclude>
    <ClInclude Include="mulSeqBasic.h">
      <Filter>Header Files</Filter>
    </ClInclude>
  </ItemGroup>
  <ItemGroup>
    <ClCompile Include="stdafx.cpp">
      <Filter>Source Files</Filter>
    </ClCompile>
    <ClCompile Include="timeutil.cpp">
      <Filter>Source Files</Filter>
    </ClCompile>
    <ClCompile Include="rsa1.cpp">
      <Filter>Source Files</Filter>
    </ClCompile>
    <ClCompile Include="customFunctions.cpp">
      <Filter>Source Files</Filter>
    </ClCompile>
    <ClCompile Include="mulSeqBasic.cpp">
      <Filter>Source Files</Filter>
    </ClCompile>
  </ItemGroup>
</Project>