
Microsoft Visual Studio Solution File, Format Version 12.00
# Visual Studio 15
VisualStudioVersion = 15.0.27004.2005
MinimumVisualStudioVersion = 10.0.40219.1
Project("{8BC9CEB8-8B4A-11D0-8D11-00A0C91BC942}") = "Rsa_Sequential_1", "Rsa_Sequential_1\Rsa_Sequential_1.vcxproj", "{3DDA1EE1-1C03-4D36-9B29-8437444E364F}"
EndProject
Project("{8BC9CEB8-8B4A-11D0-8D11-00A0C91BC942}") = "lib_mpir_gc", "mpir-3.0.0\build.vc15\lib_mpir_gc\lib_mpir_gc.vcxproj", "{4A742B65-9836-4F46-8310-728F046A31C1}"
EndProject
Global
	GlobalSection(SolutionConfigurationPlatforms) = preSolution
		Debug|x64 = Debug|x64
		Debug|x86 = Debug|x86
		DLL-Import Debug|x64 = DLL-Import Debug|x64
		DLL-Import Debug|x86 = DLL-Import Debug|x86
		DLL-Import Release|x64 = DLL-Import Release|x64
		DLL-Import Release|x86 = DLL-Import Release|x86
		Release|x64 = Release|x64
		Release|x86 = Release|x86
	EndGlobalSection
	GlobalSection(ProjectConfigurationPlatforms) = postSolution
		{3DDA1EE1-1C03-4D36-9B29-8437444E364F}.Debug|x64.ActiveCfg = Debug|x64
		{3DDA1EE1-1C03-4D36-9B29-8437444E364F}.Debug|x64.Build.0 = Debug|x64
		{3DDA1EE1-1C03-4D36-9B29-8437444E364F}.Debug|x86.ActiveCfg = Debug|Win32
		{3DDA1EE1-1C03-4D36-9B29-8437444E364F}.Debug|x86.Build.0 = Debug|Win32
		{3DDA1EE1-1C03-4D36-9B29-8437444E364F}.DLL-Import Debug|x64.ActiveCfg = Debug|x64
		{3DDA1EE1-1C03-4D36-9B29-8437444E364F}.DLL-Import Debug|x64.Build.0 = Debug|x64
		{3DDA1EE1-1C03-4D36-9B29-8437444E364F}.DLL-Import Debug|x86.ActiveCfg = Debug|Win32
		{3DDA1EE1-1C03-4D36-9B29-8437444E364F}.DLL-Import Debug|x86.Build.0 = Debug|Win32
		{3DDA1EE1-1C03-4D36-9B29-8437444E364F}.DLL-Import Release|x64.ActiveCfg = Release|x64
		{3DDA1EE1-1C03-4D36-9B29-8437444E364F}.DLL-Import Release|x64.Build.0 = Release|x64
		{3DDA1EE1-1C03-4D36-9B29-8437444E364F}.DLL-Import Release|x86.ActiveCfg = Release|Win32
		{3DDA1EE1-1C03-4D36-9B29-8437444E364F}.DLL-Import Release|x86.Build.0 = Release|Win32
		{3DDA1EE1-1C03-4D36-9B29-8437444E364F}.Release|x64.ActiveCfg = Release|x64
		{3DDA1EE1-1C03-4D36-9B29-8437444E364F}.Release|x64.Build.0 = Release|x64
		{3DDA1EE1-1C03-4D36-9B29-8437444E364F}.Release|x86.ActiveCfg = Release|Win32
		{3DDA1EE1-1C03-4D36-9B29-8437444E364F}.Release|x86.Build.0 = Release|Win32
		{4A742B65-9836-4F46-8310-728F046A31C1}.Debug|x64.ActiveCfg = Debug|x64
		{4A742B65-9836-4F46-8310-728F046A31C1}.Debug|x64.Build.0 = Debug|x64
		{4A742B65-9836-4F46-8310-728F046A31C1}.Debug|x86.ActiveCfg = Debug|Win32
		{4A742B65-9836-4F46-8310-728F046A31C1}.Debug|x86.Build.0 = Debug|Win32
		{4A742B65-9836-4F46-8310-728F046A31C1}.DLL-Import Debug|x64.ActiveCfg = Debug|x64
		{4A742B65-9836-4F46-8310-728F046A31C1}.DLL-Import Debug|x64.Build.0 = Debug|x64
		{4A742B65-9836-4F46-8310-728F046A31C1}.DLL-Import Debug|x64.Deploy.0 = Debug|x64
		{4A742B65-9836-4F46-8310-728F046A31C1}.DLL-Import Debug|x86.ActiveCfg = Debug|Win32
		{4A742B65-9836-4F46-8310-728F046A31C1}.DLL-Import Debug|x86.Build.0 = Debug|Win32
		{4A742B65-9836-4F46-8310-728F046A31C1}.DLL-Import Debug|x86.Deploy.0 = Debug|Win32
		{4A742B65-9836-4F46-8310-728F046A31C1}.DLL-Import Release|x64.ActiveCfg = Release|x64
		{4A742B65-9836-4F46-8310-728F046A31C1}.DLL-Import Release|x64.Build.0 = Release|x64
		{4A742B65-9836-4F46-8310-728F046A31C1}.DLL-Import Release|x64.Deploy.0 = Release|x64
		{4A742B65-9836-4F46-8310-728F046A31C1}.DLL-Import Release|x86.ActiveCfg = Release|Win32
		{4A742B65-9836-4F46-8310-728F046A31C1}.DLL-Import Release|x86.Build.0 = Release|Win32
		{4A742B65-9836-4F46-8310-728F046A31C1}.DLL-Import Release|x86.Deploy.0 = Release|Win32
		{4A742B65-9836-4F46-8310-728F046A31C1}.Release|x64.ActiveCfg = Release|x64
		{4A742B65-9836-4F46-8310-728F046A31C1}.Release|x64.Build.0 = Release|x64
		{4A742B65-9836-4F46-8310-728F046A31C1}.Release|x86.ActiveCfg = Release|Win32
		{4A742B65-9836-4F46-8310-728F046A31C1}.Release|x86.Build.0 = Release|Win32
	EndGlobalSection
	GlobalSection(SolutionProperties) = preSolution
		HideSolutionNode = FALSE
	EndGlobalSection
	GlobalSection(ExtensibilityGlobals) = postSolution
		SolutionGuid = {BBAA961A-C782-4D36-88C3-2B04CE345D5F}
	EndGlobalSection
EndGlobal
